
Microsoft Visual Studio Solution File, Format Version 12.00
# Visual Studio Version 17
VisualStudioVersion = 17.5.33424.131
MinimumVisualStudioVersion = 10.0.40219.1
Project("{FAE04EC0-301F-11D3-BF4B-00C04F79EFBC}") = "Stack_Queue", "Stack_Queue\Stack_Queue.csproj", "{886E5128-7ED6-483E-98AD-60A8B3FAA71E}"
EndProject
Global
	GlobalSection(SolutionConfigurationPlatforms) = preSolution
		Debug|Any CPU = Debug|Any CPU
		Release|Any CPU = Release|Any CPU
	EndGlobalSection
	GlobalSection(ProjectConfigurationPlatforms) = postSolution
		{886E5128-7ED6-483E-98AD-60A8B3FAA71E}.Debug|Any CPU.ActiveCfg = Debug|Any CPU
		{886E5128-7ED6-483E-98AD-60A8B3FAA71E}.Debug|Any CPU.Build.0 = Debug|Any CPU
		{886E5128-7ED6-483E-98AD-60A8B3FAA71E}.Release|Any CPU.ActiveCfg = Release|Any CPU
		{886E5128-7ED6-483E-98AD-60A8B3FAA71E}.Release|Any CPU.Build.0 = Release|Any CPU
	EndGlobalSection
	GlobalSection(SolutionProperties) = preSolution
		HideSolutionNode = FALSE
	EndGlobalSection
	GlobalSection(ExtensibilityGlobals) = postSolution
		SolutionGuid = {F364B685-989E-4453-AC85-7D238FBBAE43}
	EndGlobalSection
EndGlobal
